
Microsoft Visual Studio Solution File, Format Version 12.00
# Visual Studio Version 17
VisualStudioVersion = 17.10.35027.167
MinimumVisualStudioVersion = 10.0.40219.1
Project("{FAE04EC0-301F-11D3-BF4B-00C04F79EFBC}") = "WebApplication4", "WebApplication4\WebApplication4.csproj", "{5BAF83C2-7571-429B-9B38-8D36816C3505}"
EndProject
Global
	GlobalSection(SolutionConfigurationPlatforms) = preSolution
		Debug|Any CPU = Debug|Any CPU
		Release|Any CPU = Release|Any CPU
	EndGlobalSection
	GlobalSection(ProjectConfigurationPlatforms) = postSolution
		{5BAF83C2-7571-429B-9B38-8D36816C3505}.Debug|Any CPU.ActiveCfg = Debug|Any CPU
		{5BAF83C2-7571-429B-9B38-8D36816C3505}.Debug|Any CPU.Build.0 = Debug|Any CPU
		{5BAF83C2-7571-429B-9B38-8D36816C3505}.Release|Any CPU.ActiveCfg = Release|Any CPU
		{5BAF83C2-7571-429B-9B38-8D36816C3505}.Release|Any CPU.Build.0 = Release|Any CPU
	EndGlobalSection
	GlobalSection(SolutionProperties) = preSolution
		HideSolutionNode = FALSE
	EndGlobalSection
	GlobalSection(ExtensibilityGlobals) = postSolution
		SolutionGuid = {BB36E613-68FE-4C87-B52D-1C68CECC9475}
	EndGlobalSection
EndGlobal
